// !$*UTF8*$!
{
	archiveVersion = 1;
	classes = {
	};
	objectVersion = 56;
	objects = {

/* Begin PBXBuildFile section */
		5941805729C320CC00889D0D /* SceneModel.swift in Sources */ = {isa = PBXBuildFile; fileRef = 5941805629C320CC00889D0D /* SceneModel.swift */; };
		5941805B29C3214A00889D0D /* ConcertViewModel.swift in Sources */ = {isa = PBXBuildFile; fileRef = 5941805A29C3214A00889D0D /* ConcertViewModel.swift */; };
		82252A6F29C3199F003CB1B7 /* MapView.swift in Sources */ = {isa = PBXBuildFile; fileRef = 82252A6E29C3199F003CB1B7 /* MapView.swift */; };
		82252A7229C31B1A003CB1B7 /* coordinator.swift in Sources */ = {isa = PBXBuildFile; fileRef = 82252A7129C31B1A003CB1B7 /* coordinator.swift */; };
		A469D8A129B0E27600083053 /* RowPrestataireView.swift in Sources */ = {isa = PBXBuildFile; fileRef = A469D8A029B0E27600083053 /* RowPrestataireView.swift */; };
		A469D8A429B0E9CF00083053 /* Artist.swift in Sources */ = {isa = PBXBuildFile; fileRef = A469D8A329B0E9CF00083053 /* Artist.swift */; };
		A469D8A629B0E9F600083053 /* Prestataire.swift in Sources */ = {isa = PBXBuildFile; fileRef = A469D8A529B0E9F600083053 /* Prestataire.swift */; };
		A469D8A829B0EA1600083053 /* Concert.swift in Sources */ = {isa = PBXBuildFile; fileRef = A469D8A729B0EA1600083053 /* Concert.swift */; };
		A469D8AB29B0F1E600083053 /* ArtistViewModel.swift in Sources */ = {isa = PBXBuildFile; fileRef = A469D8AA29B0F1E600083053 /* ArtistViewModel.swift */; };
		A4C8460229B0B94100D5CFC1 /* HomeView.swift in Sources */ = {isa = PBXBuildFile; fileRef = A4C8460129B0B94100D5CFC1 /* HomeView.swift */; };
		A4C8460429B0BA1B00D5CFC1 /* MapPage.swift in Sources */ = {isa = PBXBuildFile; fileRef = A4C8460329B0BA1B00D5CFC1 /* MapPage.swift */; };
		A4C8460629B0BA4F00D5CFC1 /* ArtistsView.swift in Sources */ = {isa = PBXBuildFile; fileRef = A4C8460529B0BA4F00D5CFC1 /* ArtistsView.swift */; };
		A4C8460829B0BA8400D5CFC1 /* PlanningView.swift in Sources */ = {isa = PBXBuildFile; fileRef = A4C8460729B0BA8400D5CFC1 /* PlanningView.swift */; };
		A4C8460A29B0BA9100D5CFC1 /* PrestatairesView.swift in Sources */ = {isa = PBXBuildFile; fileRef = A4C8460929B0BA9100D5CFC1 /* PrestatairesView.swift */; };
		A4F2127729B09B52007E75F9 /* NoSleepApp.swift in Sources */ = {isa = PBXBuildFile; fileRef = A4F2127629B09B52007E75F9 /* NoSleepApp.swift */; };
		A4F2127929B09B52007E75F9 /* ContentView.swift in Sources */ = {isa = PBXBuildFile; fileRef = A4F2127829B09B52007E75F9 /* ContentView.swift */; };
		A4F2127B29B09B54007E75F9 /* Assets.xcassets in Resources */ = {isa = PBXBuildFile; fileRef = A4F2127A29B09B54007E75F9 /* Assets.xcassets */; };
		A4F2127E29B09B54007E75F9 /* Preview Assets.xcassets in Resources */ = {isa = PBXBuildFile; fileRef = A4F2127D29B09B54007E75F9 /* Preview Assets.xcassets */; };
		DBE3444429C31F480079ADEA /* InfosView.swift in Sources */ = {isa = PBXBuildFile; fileRef = DBE3444329C31F480079ADEA /* InfosView.swift */; };
		FC90C8F929B9D079001814F4 /* RowArtistView.swift in Sources */ = {isa = PBXBuildFile; fileRef = FC90C8F829B9D079001814F4 /* RowArtistView.swift */; };
		FC976F0729C44D35006B39A3 /* PrestataireViewModel.swift in Sources */ = {isa = PBXBuildFile; fileRef = FC976F0629C44D35006B39A3 /* PrestataireViewModel.swift */; };
/* End PBXBuildFile section */

/* Begin PBXFileReference section */
		5941805629C320CC00889D0D /* SceneModel.swift */ = {isa = PBXFileReference; lastKnownFileType = sourcecode.swift; path = SceneModel.swift; sourceTree = "<group>"; };
		5941805A29C3214A00889D0D /* ConcertViewModel.swift */ = {isa = PBXFileReference; lastKnownFileType = sourcecode.swift; path = ConcertViewModel.swift; sourceTree = "<group>"; };
		82252A6E29C3199F003CB1B7 /* MapView.swift */ = {isa = PBXFileReference; lastKnownFileType = sourcecode.swift; path = MapView.swift; sourceTree = "<group>"; };
		82252A7129C31B1A003CB1B7 /* coordinator.swift */ = {isa = PBXFileReference; lastKnownFileType = sourcecode.swift; path = coordinator.swift; sourceTree = "<group>"; };
		A469D8A029B0E27600083053 /* RowPrestataireView.swift */ = {isa = PBXFileReference; lastKnownFileType = sourcecode.swift; path = RowPrestataireView.swift; sourceTree = "<group>"; };
		A469D8A329B0E9CF00083053 /* Artist.swift */ = {isa = PBXFileReference; lastKnownFileType = sourcecode.swift; path = Artist.swift; sourceTree = "<group>"; };
		A469D8A529B0E9F600083053 /* Prestataire.swift */ = {isa = PBXFileReference; lastKnownFileType = sourcecode.swift; path = Prestataire.swift; sourceTree = "<group>"; };
		A469D8A729B0EA1600083053 /* Concert.swift */ = {isa = PBXFileReference; lastKnownFileType = sourcecode.swift; path = Concert.swift; sourceTree = "<group>"; };
		A469D8AA29B0F1E600083053 /* ArtistViewModel.swift */ = {isa = PBXFileReference; lastKnownFileType = sourcecode.swift; path = ArtistViewModel.swift; sourceTree = "<group>"; };
		A4C8460129B0B94100D5CFC1 /* HomeView.swift */ = {isa = PBXFileReference; lastKnownFileType = sourcecode.swift; path = HomeView.swift; sourceTree = "<group>"; };
		A4C8460329B0BA1B00D5CFC1 /* MapPage.swift */ = {isa = PBXFileReference; lastKnownFileType = sourcecode.swift; path = MapPage.swift; sourceTree = "<group>"; };
		A4C8460529B0BA4F00D5CFC1 /* ArtistsView.swift */ = {isa = PBXFileReference; lastKnownFileType = sourcecode.swift; path = ArtistsView.swift; sourceTree = "<group>"; };
		A4C8460729B0BA8400D5CFC1 /* PlanningView.swift */ = {isa = PBXFileReference; lastKnownFileType = sourcecode.swift; path = PlanningView.swift; sourceTree = "<group>"; };
		A4C8460929B0BA9100D5CFC1 /* PrestatairesView.swift */ = {isa = PBXFileReference; lastKnownFileType = sourcecode.swift; path = PrestatairesView.swift; sourceTree = "<group>"; };
		A4F2127329B09B52007E75F9 /* NoSleep.app */ = {isa = PBXFileReference; explicitFileType = wrapper.application; includeInIndex = 0; path = NoSleep.app; sourceTree = BUILT_PRODUCTS_DIR; };
		A4F2127629B09B52007E75F9 /* NoSleepApp.swift */ = {isa = PBXFileReference; lastKnownFileType = sourcecode.swift; path = NoSleepApp.swift; sourceTree = "<group>"; };
		A4F2127829B09B52007E75F9 /* ContentView.swift */ = {isa = PBXFileReference; lastKnownFileType = sourcecode.swift; path = ContentView.swift; sourceTree = "<group>"; };
		A4F2127A29B09B54007E75F9 /* Assets.xcassets */ = {isa = PBXFileReference; lastKnownFileType = folder.assetcatalog; path = Assets.xcassets; sourceTree = "<group>"; };
		A4F2127D29B09B54007E75F9 /* Preview Assets.xcassets */ = {isa = PBXFileReference; lastKnownFileType = folder.assetcatalog; path = "Preview Assets.xcassets"; sourceTree = "<group>"; };
		DBE3444329C31F480079ADEA /* InfosView.swift */ = {isa = PBXFileReference; lastKnownFileType = sourcecode.swift; path = InfosView.swift; sourceTree = "<group>"; };
		FC90C8F829B9D079001814F4 /* RowArtistView.swift */ = {isa = PBXFileReference; lastKnownFileType = sourcecode.swift; path = RowArtistView.swift; sourceTree = "<group>"; };
		FC976F0629C44D35006B39A3 /* PrestataireViewModel.swift */ = {isa = PBXFileReference; lastKnownFileType = sourcecode.swift; path = PrestataireViewModel.swift; sourceTree = "<group>"; };
/* End PBXFileReference section */

/* Begin PBXFrameworksBuildPhase section */
		A4F2127029B09B52007E75F9 /* Frameworks */ = {
			isa = PBXFrameworksBuildPhase;
			buildActionMask = 2147483647;
			files = (
			);
			runOnlyForDeploymentPostprocessing = 0;
		};
/* End PBXFrameworksBuildPhase section */

/* Begin PBXGroup section */
		82252A6D29C3193D003CB1B7 /* Map */ = {
			isa = PBXGroup;
			children = (
				82252A7029C31AEC003CB1B7 /* Coordinators */,
				A4C8460329B0BA1B00D5CFC1 /* MapPage.swift */,
				82252A6E29C3199F003CB1B7 /* MapView.swift */,
			);
			path = Map;
			sourceTree = "<group>";
		};
		82252A7029C31AEC003CB1B7 /* Coordinators */ = {
			isa = PBXGroup;
			children = (
				82252A7129C31B1A003CB1B7 /* coordinator.swift */,
			);
			path = Coordinators;
			sourceTree = "<group>";
		};
		A469D8A229B0E9B600083053 /* Model */ = {
			isa = PBXGroup;
			children = (
				A469D8A329B0E9CF00083053 /* Artist.swift */,
				A469D8A529B0E9F600083053 /* Prestataire.swift */,
				A469D8A729B0EA1600083053 /* Concert.swift */,
				5941805629C320CC00889D0D /* SceneModel.swift */,
			);
			path = Model;
			sourceTree = "<group>";
		};
		A469D8A929B0F1CE00083053 /* ViewModel */ = {
			isa = PBXGroup;
			children = (
				FC976F0629C44D35006B39A3 /* PrestataireViewModel.swift */,
				A469D8AA29B0F1E600083053 /* ArtistViewModel.swift */,
				5941805A29C3214A00889D0D /* ConcertViewModel.swift */,
			);
			path = ViewModel;
			sourceTree = "<group>";
		};
		A4C8460029B0B8F300D5CFC1 /* View */ = {
			isa = PBXGroup;
			children = (
				82252A6D29C3193D003CB1B7 /* Map */,
				A4F2127829B09B52007E75F9 /* ContentView.swift */,
				DBE3444329C31F480079ADEA /* InfosView.swift */,
				A4C8460129B0B94100D5CFC1 /* HomeView.swift */,
				A4C8460529B0BA4F00D5CFC1 /* ArtistsView.swift */,
				A4C8460729B0BA8400D5CFC1 /* PlanningView.swift */,
				A4C8460929B0BA9100D5CFC1 /* PrestatairesView.swift */,
				A469D8A029B0E27600083053 /* RowPrestataireView.swift */,
				FC90C8F829B9D079001814F4 /* RowArtistView.swift */,
			);
			path = View;
			sourceTree = "<group>";
		};
		A4F2126A29B09B52007E75F9 = {
			isa = PBXGroup;
			children = (
				A4F2127529B09B52007E75F9 /* NoSleep */,
				A4F2127429B09B52007E75F9 /* Products */,
			);
			sourceTree = "<group>";
		};
		A4F2127429B09B52007E75F9 /* Products */ = {
			isa = PBXGroup;
			children = (
				A4F2127329B09B52007E75F9 /* NoSleep.app */,
			);
			name = Products;
			sourceTree = "<group>";
		};
		A4F2127529B09B52007E75F9 /* NoSleep */ = {
			isa = PBXGroup;
			children = (
				A469D8A929B0F1CE00083053 /* ViewModel */,
				A469D8A229B0E9B600083053 /* Model */,
				A4C8460029B0B8F300D5CFC1 /* View */,
				A4F2127629B09B52007E75F9 /* NoSleepApp.swift */,
				A4F2127A29B09B54007E75F9 /* Assets.xcassets */,
				A4F2127C29B09B54007E75F9 /* Preview Content */,
			);
			path = NoSleep;
			sourceTree = "<group>";
		};
		A4F2127C29B09B54007E75F9 /* Preview Content */ = {
			isa = PBXGroup;
			children = (
				A4F2127D29B09B54007E75F9 /* Preview Assets.xcassets */,
			);
			path = "Preview Content";
			sourceTree = "<group>";
		};
/* End PBXGroup section */

/* Begin PBXNativeTarget section */
		A4F2127229B09B52007E75F9 /* NoSleep */ = {
			isa = PBXNativeTarget;
			buildConfigurationList = A4F2128129B09B54007E75F9 /* Build configuration list for PBXNativeTarget "NoSleep" */;
			buildPhases = (
				A4F2126F29B09B52007E75F9 /* Sources */,
				A4F2127029B09B52007E75F9 /* Frameworks */,
				A4F2127129B09B52007E75F9 /* Resources */,
			);
			buildRules = (
			);
			dependencies = (
			);
			name = NoSleep;
			productName = NoSleep;
			productReference = A4F2127329B09B52007E75F9 /* NoSleep.app */;
			productType = "com.apple.product-type.application";
		};
/* End PBXNativeTarget section */

/* Begin PBXProject section */
		A4F2126B29B09B52007E75F9 /* Project object */ = {
			isa = PBXProject;
			attributes = {
				BuildIndependentTargetsInParallel = 1;
				LastSwiftUpdateCheck = 1420;
				LastUpgradeCheck = 1420;
				TargetAttributes = {
					A4F2127229B09B52007E75F9 = {
						CreatedOnToolsVersion = 14.2;
					};
				};
			};
			buildConfigurationList = A4F2126E29B09B52007E75F9 /* Build configuration list for PBXProject "NoSleep" */;
			compatibilityVersion = "Xcode 14.0";
			developmentRegion = en;
			hasScannedForEncodings = 0;
			knownRegions = (
				en,
				Base,
			);
			mainGroup = A4F2126A29B09B52007E75F9;
			productRefGroup = A4F2127429B09B52007E75F9 /* Products */;
			projectDirPath = "";
			projectRoot = "";
			targets = (
				A4F2127229B09B52007E75F9 /* NoSleep */,
			);
		};
/* End PBXProject section */

/* Begin PBXResourcesBuildPhase section */
		A4F2127129B09B52007E75F9 /* Resources */ = {
			isa = PBXResourcesBuildPhase;
			buildActionMask = 2147483647;
			files = (
				A4F2127E29B09B54007E75F9 /* Preview Assets.xcassets in Resources */,
				A4F2127B29B09B54007E75F9 /* Assets.xcassets in Resources */,
			);
			runOnlyForDeploymentPostprocessing = 0;
		};
/* End PBXResourcesBuildPhase section */

/* Begin PBXSourcesBuildPhase section */
		A4F2126F29B09B52007E75F9 /* Sources */ = {
			isa = PBXSourcesBuildPhase;
			buildActionMask = 2147483647;
			files = (
				A4C8460229B0B94100D5CFC1 /* HomeView.swift in Sources */,
				A4C8460429B0BA1B00D5CFC1 /* MapPage.swift in Sources */,
				A469D8A129B0E27600083053 /* RowPrestataireView.swift in Sources */,
				FC90C8F929B9D079001814F4 /* RowArtistView.swift in Sources */,
				DBE3444429C31F480079ADEA /* InfosView.swift in Sources */,
				A469D8AB29B0F1E600083053 /* ArtistViewModel.swift in Sources */,
				A469D8A429B0E9CF00083053 /* Artist.swift in Sources */,
				A469D8A829B0EA1600083053 /* Concert.swift in Sources */,
				A4C8460629B0BA4F00D5CFC1 /* ArtistsView.swift in Sources */,
				A4C8460829B0BA8400D5CFC1 /* PlanningView.swift in Sources */,
				5941805B29C3214A00889D0D /* ConcertViewModel.swift in Sources */,
				A4C8460A29B0BA9100D5CFC1 /* PrestatairesView.swift in Sources */,
				5941805729C320CC00889D0D /* SceneModel.swift in Sources */,
				82252A6F29C3199F003CB1B7 /* MapView.swift in Sources */,
				A4F2127929B09B52007E75F9 /* ContentView.swift in Sources */,
				82252A7229C31B1A003CB1B7 /* coordinator.swift in Sources */,
				A469D8A629B0E9F600083053 /* Prestataire.swift in Sources */,
				A4F2127729B09B52007E75F9 /* NoSleepApp.swift in Sources */,
				FC976F0729C44D35006B39A3 /* PrestataireViewModel.swift in Sources */,
			);
			runOnlyForDeploymentPostprocessing = 0;
		};
/* End PBXSourcesBuildPhase section */

/* Begin XCBuildConfiguration section */
		A4F2127F29B09B54007E75F9 /* Debug */ = {
			isa = XCBuildConfiguration;
			buildSettings = {
				ALWAYS_SEARCH_USER_PATHS = NO;
				CLANG_ANALYZER_NONNULL = YES;
				CLANG_ANALYZER_NUMBER_OBJECT_CONVERSION = YES_AGGRESSIVE;
				CLANG_CXX_LANGUAGE_STANDARD = "gnu++20";
				CLANG_ENABLE_MODULES = YES;
				CLANG_ENABLE_OBJC_ARC = YES;
				CLANG_ENABLE_OBJC_WEAK = YES;
				CLANG_WARN_BLOCK_CAPTURE_AUTORELEASING = YES;
				CLANG_WARN_BOOL_CONVERSION = YES;
				CLANG_WARN_COMMA = YES;
				CLANG_WARN_CONSTANT_CONVERSION = YES;
				CLANG_WARN_DEPRECATED_OBJC_IMPLEMENTATIONS = YES;
				CLANG_WARN_DIRECT_OBJC_ISA_USAGE = YES_ERROR;
				CLANG_WARN_DOCUMENTATION_COMMENTS = YES;
				CLANG_WARN_EMPTY_BODY = YES;
				CLANG_WARN_ENUM_CONVERSION = YES;
				CLANG_WARN_INFINITE_RECURSION = YES;
				CLANG_WARN_INT_CONVERSION = YES;
				CLANG_WARN_NON_LITERAL_NULL_CONVERSION = YES;
				CLANG_WARN_OBJC_IMPLICIT_RETAIN_SELF = YES;
				CLANG_WARN_OBJC_LITERAL_CONVERSION = YES;
				CLANG_WARN_OBJC_ROOT_CLASS = YES_ERROR;
				CLANG_WARN_QUOTED_INCLUDE_IN_FRAMEWORK_HEADER = YES;
				CLANG_WARN_RANGE_LOOP_ANALYSIS = YES;
				CLANG_WARN_STRICT_PROTOTYPES = YES;
				CLANG_WARN_SUSPICIOUS_MOVE = YES;
				CLANG_WARN_UNGUARDED_AVAILABILITY = YES_AGGRESSIVE;
				CLANG_WARN_UNREACHABLE_CODE = YES;
				CLANG_WARN__DUPLICATE_METHOD_MATCH = YES;
				COPY_PHASE_STRIP = NO;
				DEBUG_INFORMATION_FORMAT = dwarf;
				ENABLE_STRICT_OBJC_MSGSEND = YES;
				ENABLE_TESTABILITY = YES;
				GCC_C_LANGUAGE_STANDARD = gnu11;
				GCC_DYNAMIC_NO_PIC = NO;
				GCC_NO_COMMON_BLOCKS = YES;
				GCC_OPTIMIZATION_LEVEL = 0;
				GCC_PREPROCESSOR_DEFINITIONS = (
					"DEBUG=1",
					"$(inherited)",
				);
				GCC_WARN_64_TO_32_BIT_CONVERSION = YES;
				GCC_WARN_ABOUT_RETURN_TYPE = YES_ERROR;
				GCC_WARN_UNDECLARED_SELECTOR = YES;
				GCC_WARN_UNINITIALIZED_AUTOS = YES_AGGRESSIVE;
				GCC_WARN_UNUSED_FUNCTION = YES;
				GCC_WARN_UNUSED_VARIABLE = YES;
				IPHONEOS_DEPLOYMENT_TARGET = 16.2;
				MTL_ENABLE_DEBUG_INFO = INCLUDE_SOURCE;
				MTL_FAST_MATH = YES;
				ONLY_ACTIVE_ARCH = YES;
				SDKROOT = iphoneos;
				SWIFT_ACTIVE_COMPILATION_CONDITIONS = DEBUG;
				SWIFT_OPTIMIZATION_LEVEL = "-Onone";
			};
			name = Debug;
		};
		A4F2128029B09B54007E75F9 /* Release */ = {
			isa = XCBuildConfiguration;
			buildSettings = {
				ALWAYS_SEARCH_USER_PATHS = NO;
				CLANG_ANALYZER_NONNULL = YES;
				CLANG_ANALYZER_NUMBER_OBJECT_CONVERSION = YES_AGGRESSIVE;
				CLANG_CXX_LANGUAGE_STANDARD = "gnu++20";
				CLANG_ENABLE_MODULES = YES;
				CLANG_ENABLE_OBJC_ARC = YES;
				CLANG_ENABLE_OBJC_WEAK = YES;
				CLANG_WARN_BLOCK_CAPTURE_AUTORELEASING = YES;
				CLANG_WARN_BOOL_CONVERSION = YES;
				CLANG_WARN_COMMA = YES;
				CLANG_WARN_CONSTANT_CONVERSION = YES;
				CLANG_WARN_DEPRECATED_OBJC_IMPLEMENTATIONS = YES;
				CLANG_WARN_DIRECT_OBJC_ISA_USAGE = YES_ERROR;
				CLANG_WARN_DOCUMENTATION_COMMENTS = YES;
				CLANG_WARN_EMPTY_BODY = YES;
				CLANG_WARN_ENUM_CONVERSION = YES;
				CLANG_WARN_INFINITE_RECURSION = YES;
				CLANG_WARN_INT_CONVERSION = YES;
				CLANG_WARN_NON_LITERAL_NULL_CONVERSION = YES;
				CLANG_WARN_OBJC_IMPLICIT_RETAIN_SELF = YES;
				CLANG_WARN_OBJC_LITERAL_CONVERSION = YES;
				CLANG_WARN_OBJC_ROOT_CLASS = YES_ERROR;
				CLANG_WARN_QUOTED_INCLUDE_IN_FRAMEWORK_HEADER = YES;
				CLANG_WARN_RANGE_LOOP_ANALYSIS = YES;
				CLANG_WARN_STRICT_PROTOTYPES = YES;
				CLANG_WARN_SUSPICIOUS_MOVE = YES;
				CLANG_WARN_UNGUARDED_AVAILABILITY = YES_AGGRESSIVE;
				CLANG_WARN_UNREACHABLE_CODE = YES;
				CLANG_WARN__DUPLICATE_METHOD_MATCH = YES;
				COPY_PHASE_STRIP = NO;
				DEBUG_INFORMATION_FORMAT = "dwarf-with-dsym";
				ENABLE_NS_ASSERTIONS = NO;
				ENABLE_STRICT_OBJC_MSGSEND = YES;
				GCC_C_LANGUAGE_STANDARD = gnu11;
				GCC_NO_COMMON_BLOCKS = YES;
				GCC_WARN_64_TO_32_BIT_CONVERSION = YES;
				GCC_WARN_ABOUT_RETURN_TYPE = YES_ERROR;
				GCC_WARN_UNDECLARED_SELECTOR = YES;
				GCC_WARN_UNINITIALIZED_AUTOS = YES_AGGRESSIVE;
				GCC_WARN_UNUSED_FUNCTION = YES;
				GCC_WARN_UNUSED_VARIABLE = YES;
				IPHONEOS_DEPLOYMENT_TARGET = 16.2;
				MTL_ENABLE_DEBUG_INFO = NO;
				MTL_FAST_MATH = YES;
				SDKROOT = iphoneos;
				SWIFT_COMPILATION_MODE = wholemodule;
				SWIFT_OPTIMIZATION_LEVEL = "-O";
				VALIDATE_PRODUCT = YES;
			};
			name = Release;
		};
		A4F2128229B09B54007E75F9 /* Debug */ = {
			isa = XCBuildConfiguration;
			buildSettings = {
				ASSETCATALOG_COMPILER_APPICON_NAME = AppIcon;
				ASSETCATALOG_COMPILER_GLOBAL_ACCENT_COLOR_NAME = AccentColor;
				CODE_SIGN_STYLE = Automatic;
				CURRENT_PROJECT_VERSION = 1;
				DEVELOPMENT_ASSET_PATHS = "\"NoSleep/Preview Content\"";
				ENABLE_PREVIEWS = YES;
				GENERATE_INFOPLIST_FILE = YES;
				INFOPLIST_KEY_UIApplicationSceneManifest_Generation = YES;
				INFOPLIST_KEY_UIApplicationSupportsIndirectInputEvents = YES;
				INFOPLIST_KEY_UILaunchScreen_Generation = YES;
				INFOPLIST_KEY_UISupportedInterfaceOrientations_iPad = "UIInterfaceOrientationPortrait UIInterfaceOrientationPortraitUpsideDown UIInterfaceOrientationLandscapeLeft UIInterfaceOrientationLandscapeRight";
				INFOPLIST_KEY_UISupportedInterfaceOrientations_iPhone = "UIInterfaceOrientationPortrait UIInterfaceOrientationLandscapeLeft UIInterfaceOrientationLandscapeRight";
				LD_RUNPATH_SEARCH_PATHS = (
					"$(inherited)",
					"@executable_path/Frameworks",
				);
				MARKETING_VERSION = 1.0;
				PRODUCT_BUNDLE_IDENTIFIER = "fr.univ-fcomte.iut-bm.mpauli11.NoSleep";
				PRODUCT_NAME = "$(TARGET_NAME)";
				SWIFT_EMIT_LOC_STRINGS = YES;
				SWIFT_VERSION = 5.0;
				TARGETED_DEVICE_FAMILY = "1,2";
			};
			name = Debug;
		};
		A4F2128329B09B54007E75F9 /* Release */ = {
			isa = XCBuildConfiguration;
			buildSettings = {
				ASSETCATALOG_COMPILER_APPICON_NAME = AppIcon;
				ASSETCATALOG_COMPILER_GLOBAL_ACCENT_COLOR_NAME = AccentColor;
				CODE_SIGN_STYLE = Automatic;
				CURRENT_PROJECT_VERSION = 1;
				DEVELOPMENT_ASSET_PATHS = "\"NoSleep/Preview Content\"";
				ENABLE_PREVIEWS = YES;
				GENERATE_INFOPLIST_FILE = YES;
				INFOPLIST_KEY_UIApplicationSceneManifest_Generation = YES;
				INFOPLIST_KEY_UIApplicationSupportsIndirectInputEvents = YES;
				INFOPLIST_KEY_UILaunchScreen_Generation = YES;
				INFOPLIST_KEY_UISupportedInterfaceOrientations_iPad = "UIInterfaceOrientationPortrait UIInterfaceOrientationPortraitUpsideDown UIInterfaceOrientationLandscapeLeft UIInterfaceOrientationLandscapeRight";
				INFOPLIST_KEY_UISupportedInterfaceOrientations_iPhone = "UIInterfaceOrientationPortrait UIInterfaceOrientationLandscapeLeft UIInterfaceOrientationLandscapeRight";
				LD_RUNPATH_SEARCH_PATHS = (
					"$(inherited)",
					"@executable_path/Frameworks",
				);
				MARKETING_VERSION = 1.0;
				PRODUCT_BUNDLE_IDENTIFIER = "fr.univ-fcomte.iut-bm.mpauli11.NoSleep";
				PRODUCT_NAME = "$(TARGET_NAME)";
				SWIFT_EMIT_LOC_STRINGS = YES;
				SWIFT_VERSION = 5.0;
				TARGETED_DEVICE_FAMILY = "1,2";
			};
			name = Release;
		};
/* End XCBuildConfiguration section */

/* Begin XCConfigurationList section */
		A4F2126E29B09B52007E75F9 /* Build configuration list for PBXProject "NoSleep" */ = {
			isa = XCConfigurationList;
			buildConfigurations = (
				A4F2127F29B09B54007E75F9 /* Debug */,
				A4F2128029B09B54007E75F9 /* Release */,
			);
			defaultConfigurationIsVisible = 0;
			defaultConfigurationName = Release;
		};
		A4F2128129B09B54007E75F9 /* Build configuration list for PBXNativeTarget "NoSleep" */ = {
			isa = XCConfigurationList;
			buildConfigurations = (
				A4F2128229B09B54007E75F9 /* Debug */,
				A4F2128329B09B54007E75F9 /* Release */,
			);
			defaultConfigurationIsVisible = 0;
			defaultConfigurationName = Release;
		};
/* End XCConfigurationList section */
	};
	rootObject = A4F2126B29B09B52007E75F9 /* Project object */;
}
